
Microsoft Visual Studio Solution File, Format Version 12.00
# Visual Studio Version 17
VisualStudioVersion = 17.0.32126.317
MinimumVisualStudioVersion = 10.0.40219.1
Project("{FAE04EC0-301F-11D3-BF4B-00C04F79EFBC}") = "CollectionDictionary", "CollectionDictionary\CollectionDictionary.csproj", "{34CB4EE7-33EB-4CBF-A727-5EC1DA8ED940}"
EndProject
Global
	GlobalSection(SolutionConfigurationPlatforms) = preSolution
		Debug|Any CPU = Debug|Any CPU
		Release|Any CPU = Release|Any CPU
	EndGlobalSection
	GlobalSection(ProjectConfigurationPlatforms) = postSolution
		{34CB4EE7-33EB-4CBF-A727-5EC1DA8ED940}.Debug|Any CPU.ActiveCfg = Debug|Any CPU
		{34CB4EE7-33EB-4CBF-A727-5EC1DA8ED940}.Debug|Any CPU.Build.0 = Debug|Any CPU
		{34CB4EE7-33EB-4CBF-A727-5EC1DA8ED940}.Release|Any CPU.ActiveCfg = Release|Any CPU
		{34CB4EE7-33EB-4CBF-A727-5EC1DA8ED940}.Release|Any CPU.Build.0 = Release|Any CPU
	EndGlobalSection
	GlobalSection(SolutionProperties) = preSolution
		HideSolutionNode = FALSE
	EndGlobalSection
	GlobalSection(ExtensibilityGlobals) = postSolution
		SolutionGuid = {353AB4C8-F950-4AF7-905E-D9C66A2A7470}
	EndGlobalSection
EndGlobal
